Microsoft Visual Studio Solution File, Format Version 12.00
# Visual Studio Version 17
VisualStudioVersion = 17.5.2.0
MinimumVisualStudioVersion = 10.0.40219.1
Project("{FAE04EC0-301F-11D3-BF4B-00C04F79EFBC}") = "MIF.WebUI", "MIF.WebUI.csproj", "{EA07528E-7DFE-565B-348A-078B7CA6C8B1}"
EndProject
Global
	GlobalSection(SolutionConfigurationPlatforms) = preSolution
		Debug|Any CPU = Debug|Any CPU
		Release|Any CPU = Release|Any CPU
	EndGlobalSection
	GlobalSection(ProjectConfigurationPlatforms) = postSolution
		{EA07528E-7DFE-565B-348A-078B7CA6C8B1}.Debug|Any CPU.ActiveCfg = Debug|Any CPU
		{EA07528E-7DFE-565B-348A-078B7CA6C8B1}.Debug|Any CPU.Build.0 = Debug|Any CPU
		{EA07528E-7DFE-565B-348A-078B7CA6C8B1}.Release|Any CPU.ActiveCfg = Release|Any CPU
		{EA07528E-7DFE-565B-348A-078B7CA6C8B1}.Release|Any CPU.Build.0 = Release|Any CPU
	EndGlobalSection
	GlobalSection(SolutionProperties) = preSolution
		HideSolutionNode = FALSE
	EndGlobalSection
	GlobalSection(ExtensibilityGlobals) = postSolution
		SolutionGuid = {E8341553-C695-4A1F-AABD-52D82FEAE407}
	EndGlobalSection
EndGlobal
